
Microsoft Visual Studio Solution File, Format Version 12.00
# Visual Studio Version 17
VisualStudioVersion = 17.2.32526.322
MinimumVisualStudioVersion = 10.0.40219.1
Project("{FAE04EC0-301F-11D3-BF4B-00C04F79EFBC}") = "FlatRockInterview", "FlatRockInterview.csproj", "{2A0C275C-5BF2-4570-9B28-82ADE24F439D}"
EndProject
Global
	GlobalSection(SolutionConfigurationPlatforms) = preSolution
		Debug|Any CPU = Debug|Any CPU
		Release|Any CPU = Release|Any CPU
	EndGlobalSection
	GlobalSection(ProjectConfigurationPlatforms) = postSolution
		{2A0C275C-5BF2-4570-9B28-82ADE24F439D}.Debug|Any CPU.ActiveCfg = Debug|Any CPU
		{2A0C275C-5BF2-4570-9B28-82ADE24F439D}.Debug|Any CPU.Build.0 = Debug|Any CPU
		{2A0C275C-5BF2-4570-9B28-82ADE24F439D}.Release|Any CPU.ActiveCfg = Release|Any CPU
		{2A0C275C-5BF2-4570-9B28-82ADE24F439D}.Release|Any CPU.Build.0 = Release|Any CPU
	EndGlobalSection
	GlobalSection(SolutionProperties) = preSolution
		HideSolutionNode = FALSE
	EndGlobalSection
	GlobalSection(ExtensibilityGlobals) = postSolution
		SolutionGuid = {750F8DA1-C5FB-4356-A033-6C15AED84325}
	EndGlobalSection
EndGlobal
